
Microsoft Visual Studio Solution File, Format Version 12.00
# Visual Studio Version 16
VisualStudioVersion = 16.0.31424.327
MinimumVisualStudioVersion = 10.0.40219.1
Project("{FAE04EC0-301F-11D3-BF4B-00C04F79EFBC}") = "pipeline", "pipeline\pipeline.csproj", "{F57DDC43-07A2-47BE-BA01-7C17172F42F7}"
EndProject
Global
	GlobalSection(SolutionConfigurationPlatforms) = preSolution
		Debug|Any CPU = Debug|Any CPU
		Release|Any CPU = Release|Any CPU
	EndGlobalSection
	GlobalSection(ProjectConfigurationPlatforms) = postSolution
		{F57DDC43-07A2-47BE-BA01-7C17172F42F7}.Debug|Any CPU.ActiveCfg = Debug|Any CPU
		{F57DDC43-07A2-47BE-BA01-7C17172F42F7}.Debug|Any CPU.Build.0 = Debug|Any CPU
		{F57DDC43-07A2-47BE-BA01-7C17172F42F7}.Release|Any CPU.ActiveCfg = Release|Any CPU
		{F57DDC43-07A2-47BE-BA01-7C17172F42F7}.Release|Any CPU.Build.0 = Release|Any CPU
	EndGlobalSection
	GlobalSection(SolutionProperties) = preSolution
		HideSolutionNode = FALSE
	EndGlobalSection
	GlobalSection(ExtensibilityGlobals) = postSolution
		SolutionGuid = {ED8DA879-70C9-4A9D-8AF3-28C3945844DC}
	EndGlobalSection
EndGlobal
